
Microsoft Visual Studio Solution File, Format Version 12.00
# Visual Studio Version 16
VisualStudioVersion = 25.0.1706.7
MinimumVisualStudioVersion = 10.0.40219.1
Project("{FAE04EC0-301F-11D3-BF4B-00C04F79EFBC}") = "RobotVsDinosaurUpdated", "RobotvsDinsoaur2\RobotVsDinosaurUpdated.csproj", "{81CFF5C3-D580-4015-B461-ADE8684055D4}"
EndProject
Global
	GlobalSection(SolutionConfigurationPlatforms) = preSolution
		Debug|Any CPU = Debug|Any CPU
		Release|Any CPU = Release|Any CPU
	EndGlobalSection
	GlobalSection(ProjectConfigurationPlatforms) = postSolution
		{81CFF5C3-D580-4015-B461-ADE8684055D4}.Debug|Any CPU.ActiveCfg = Debug|Any CPU
		{81CFF5C3-D580-4015-B461-ADE8684055D4}.Debug|Any CPU.Build.0 = Debug|Any CPU
		{81CFF5C3-D580-4015-B461-ADE8684055D4}.Release|Any CPU.ActiveCfg = Release|Any CPU
		{81CFF5C3-D580-4015-B461-ADE8684055D4}.Release|Any CPU.Build.0 = Release|Any CPU
	EndGlobalSection
	GlobalSection(SolutionProperties) = preSolution
		HideSolutionNode = FALSE
	EndGlobalSection
	GlobalSection(ExtensibilityGlobals) = postSolution
		SolutionGuid = {4EB52DD6-805F-4AF8-9B7F-411E75CBCD27}
	EndGlobalSection
EndGlobal
